{
  "name": "propml",
  "version": "1.0.0",
  "lockfileVersion": 1,
  "requires": true,
  "dependencies": {
    "nano-fs": {
      "version": "1.2.5",
      "resolved": "https://registry.npmjs.org/nano-fs/-/nano-fs-1.2.5.tgz",
      "integrity": "sha512-O5x/2B4H6Td0ymiL0jUcCYyhkad11Q9Ci9X9W8YfbQaBBpLadzp96m0lXKjU4eFj9GQTOOgKL4G1eneuJj9JpA==",
      "requires": {
        "nano-promise": "1",
        "nano-promisify": "1"
      }
    },
    "nano-promise": {
      "version": "1.2.0",
      "resolved": "https://registry.npmjs.org/nano-promise/-/nano-promise-1.2.0.tgz",
      "integrity": "sha1-Kl3n0HT2lHiTxvqUgY32o+xh33k="
    },
    "nano-promisify": {
      "version": "1.1.0",
      "resolved": "https://registry.npmjs.org/nano-promisify/-/nano-promisify-1.1.0.tgz",
      "integrity": "sha1-XfScCsm0GOB/wcAX5HBow/QR5GM=",
      "requires": {
        "nano-promise": "1"
      }
    }
  }
}
